
Microsoft Visual Studio Solution File, Format Version 12.00
# Visual Studio Version 17
VisualStudioVersion = 17.0.32002.185
MinimumVisualStudioVersion = 10.0.40219.1
Project("{FAE04EC0-301F-11D3-BF4B-00C04F79EFBC}") = "โปรเจคWinFormsApp2.s", "โปรเจคWinFormsApp2.s\โปรเจคWinFormsApp2.s.csproj", "{5539C07B-9673-43B9-9432-7E785EDA2ACC}"
EndProject
Global
	GlobalSection(SolutionConfigurationPlatforms) = preSolution
		Debug|Any CPU = Debug|Any CPU
		Release|Any CPU = Release|Any CPU
	EndGlobalSection
	GlobalSection(ProjectConfigurationPlatforms) = postSolution
		{5539C07B-9673-43B9-9432-7E785EDA2ACC}.Debug|Any CPU.ActiveCfg = Debug|Any CPU
		{5539C07B-9673-43B9-9432-7E785EDA2ACC}.Debug|Any CPU.Build.0 = Debug|Any CPU
		{5539C07B-9673-43B9-9432-7E785EDA2ACC}.Release|Any CPU.ActiveCfg = Release|Any CPU
		{5539C07B-9673-43B9-9432-7E785EDA2ACC}.Release|Any CPU.Build.0 = Release|Any CPU
	EndGlobalSection
	GlobalSection(SolutionProperties) = preSolution
		HideSolutionNode = FALSE
	EndGlobalSection
	GlobalSection(ExtensibilityGlobals) = postSolution
		SolutionGuid = {7AD8CF85-1824-40DC-B15F-43A8334708FA}
	EndGlobalSection
EndGlobal
